{
  "name": "Angular",
  "lockfileVersion": 2,
  "requires": true,
  "packages": {
    "": {
      "dependencies": {
        "@angular/language-service": "^15.2.5"
      }
    },
    "node_modules/@angular/language-service": {
      "version": "15.2.5",
      "resolved": "https://registry.npmjs.org/@angular/language-service/-/language-service-15.2.5.tgz",
      "integrity": "sha512-knXe4D0gc2KiU3Y3LZCRvcIkddxUMHI6/44/QAGZD3UDx6ZnpizS0eb8q8AO1pWiBTUY5ETUAlihaGWqDgQ+Wg==",
      "engines": {
        "node": "^14.20.0 || ^16.13.0 || >=18.10.0"
      }
    }
  },
  "dependencies": {
    "@angular/language-service": {
      "version": "15.2.5",
      "resolved": "https://registry.npmjs.org/@angular/language-service/-/language-service-15.2.5.tgz",
      "integrity": "sha512-knXe4D0gc2KiU3Y3LZCRvcIkddxUMHI6/44/QAGZD3UDx6ZnpizS0eb8q8AO1pWiBTUY5ETUAlihaGWqDgQ+Wg=="
    }
  }
}
